# THIS IS AN AUTOGENERATED FILE. DO NOT EDIT THIS FILE DIRECTLY.
# yarn lockfile v1


lodash@^4.17.15, lodash@^4.17.19:
  version "4.17.19"
  resolved "https://registry.yarnpkg.com/lodash/-/lodash-4.17.19.tgz#e48ddedbe30b3321783c5b4301fbd353bc1e4a4b"
  integrity sha512-JNvd8XER9GQX0v2qJgsaN/mzFCNA5BRe/j8JN9d+tWyGLSodKQHKFicdwNYzWwI3wjRnaKPsGj1XkBjx/F96DQ==

webpack-merge@^4.2.2:
  version "4.2.2"
  resolved "https://registry.npm.taobao.org/webpack-merge/download/webpack-merge-4.2.2.tgz#a27c52ea783d1398afd2087f547d7b9d2f43634d"
  integrity sha1-onxS6ng9E5iv0gh/VH17nS9DY00=
  dependencies:
    lodash "^4.17.15"
