# THIS IS AN AUTOGENERATED FILE. DO NOT EDIT THIS FILE DIRECTLY.
# yarn lockfile v1


lodash@^4.17.15:
  version "4.17.15"
  resolved "https://registry.npm.taobao.org/lodash/download/lodash-4.17.15.tgz#b447f6670a0455bbfeedd11392eff330ea097548"
  integrity sha1-tEf2ZwoEVbv+7dETku/zMOoJdUg=

webpack-merge@^4.2.2:
  version "4.2.2"
  resolved "https://registry.npm.taobao.org/webpack-merge/download/webpack-merge-4.2.2.tgz#a27c52ea783d1398afd2087f547d7b9d2f43634d"
  integrity sha1-onxS6ng9E5iv0gh/VH17nS9DY00=
  dependencies:
    lodash "^4.17.15"
